
Microsoft Visual Studio Solution File, Format Version 12.00
# Visual Studio Version 17
VisualStudioVersion = 17.2.32630.192
MinimumVisualStudioVersion = 10.0.40219.1
Project("{FAE04EC0-301F-11D3-BF4B-00C04F79EFBC}") = "UltraUtil", "UltraUtil\UltraUtil.csproj", "{F4550FD9-B692-4D07-9D05-FBE3474D204D}"
EndProject
Global
	GlobalSection(SolutionConfigurationPlatforms) = preSolution
		Debug|Any CPU = Debug|Any CPU
		Release|Any CPU = Release|Any CPU
	EndGlobalSection
	GlobalSection(ProjectConfigurationPlatforms) = postSolution
		{F4550FD9-B692-4D07-9D05-FBE3474D204D}.Debug|Any CPU.ActiveCfg = Debug|Any CPU
		{F4550FD9-B692-4D07-9D05-FBE3474D204D}.Debug|Any CPU.Build.0 = Debug|Any CPU
		{F4550FD9-B692-4D07-9D05-FBE3474D204D}.Release|Any CPU.ActiveCfg = Release|Any CPU
		{F4550FD9-B692-4D07-9D05-FBE3474D204D}.Release|Any CPU.Build.0 = Release|Any CPU
	EndGlobalSection
	GlobalSection(SolutionProperties) = preSolution
		HideSolutionNode = FALSE
	EndGlobalSection
	GlobalSection(ExtensibilityGlobals) = postSolution
		SolutionGuid = {D315E201-E95F-4453-991D-BD6B0DF3BAD8}
	EndGlobalSection
EndGlobal
